
Microsoft Visual Studio Solution File, Format Version 12.00
# Visual Studio Version 16
VisualStudioVersion = 16.0.30420.98
MinimumVisualStudioVersion = 10.0.40219.1
Project("{FAE04EC0-301F-11D3-BF4B-00C04F79EFBC}") = "FocusValidation", "FocusValidation.csproj", "{81AFF687-3E17-44E7-913C-A68966E70859}"
EndProject
Global
	GlobalSection(SolutionConfigurationPlatforms) = preSolution
		Debug|Any CPU = Debug|Any CPU
		Release|Any CPU = Release|Any CPU
	EndGlobalSection
	GlobalSection(ProjectConfigurationPlatforms) = postSolution
		{81AFF687-3E17-44E7-913C-A68966E70859}.Debug|Any CPU.ActiveCfg = Debug|Any CPU
		{81AFF687-3E17-44E7-913C-A68966E70859}.Debug|Any CPU.Build.0 = Debug|Any CPU
		{81AFF687-3E17-44E7-913C-A68966E70859}.Release|Any CPU.ActiveCfg = Release|Any CPU
		{81AFF687-3E17-44E7-913C-A68966E70859}.Release|Any CPU.Build.0 = Release|Any CPU
	EndGlobalSection
	GlobalSection(SolutionProperties) = preSolution
		HideSolutionNode = FALSE
	EndGlobalSection
	GlobalSection(ExtensibilityGlobals) = postSolution
		SolutionGuid = {A8861636-9F5F-474E-B372-FDAD1846C4BB}
	EndGlobalSection
EndGlobal
